{
  "pins" : [
    {
      "identity" : "alamofire",
      "kind" : "remoteSourceControl",
      "location" : "https://github.com/Alamofire/Alamofire.git",
      "state" : {
        "revision" : "3dc6a42c7727c49bf26508e29b0a0b35f9c7e1ad",
        "version" : "5.8.1"
      }
    },
    {
      "identity" : "reteno-mobile-ios-sdk",
      "kind" : "remoteSourceControl",
      "location" : "https://github.com/reteno-com/reteno-mobile-ios-sdk.git",
      "state" : {
        "revision" : "8a5f1d1dae955518b2a538a35e7d7f98f14d45e8",
        "version" : "1.6.9"
      }
    }
  ],
  "version" : 2
}
