{
  "pins" : [
    {
      "identity" : "alamofire",
      "kind" : "remoteSourceControl",
      "location" : "https://github.com/Alamofire/Alamofire.git",
      "state" : {
        "revision" : "3dc6a42c7727c49bf26508e29b0a0b35f9c7e1ad",
        "version" : "5.8.1"
      }
    },
    {
      "identity" : "reteno-mobile-ios-sdk",
      "kind" : "remoteSourceControl",
      "location" : "https://github.com/reteno-com/reteno-mobile-ios-sdk.git",
      "state" : {
        "revision" : "f4c40904370c3a7710aac7414f31bacfcbb064f6",
        "version" : "1.7.1"
      }
    }
  ],
  "version" : 2
}
